
Microsoft Visual Studio Solution File, Format Version 12.00
# Visual Studio Version 17
VisualStudioVersion = 17.5.33516.290
MinimumVisualStudioVersion = 10.0.40219.1
Project("{888888A0-9F3D-457C-B088-3A5042F75D52}") = "GPTConvoEC2", "GPTConvoEC2\GPTConvoEC2.pyproj", "{91A46980-E7CD-40C4-B503-CD801CB4DA00}"
EndProject
Global
	GlobalSection(SolutionConfigurationPlatforms) = preSolution
		Debug|Any CPU = Debug|Any CPU
		Release|Any CPU = Release|Any CPU
	EndGlobalSection
	GlobalSection(ProjectConfigurationPlatforms) = postSolution
		{91A46980-E7CD-40C4-B503-CD801CB4DA00}.Debug|Any CPU.ActiveCfg = Debug|Any CPU
		{91A46980-E7CD-40C4-B503-CD801CB4DA00}.Release|Any CPU.ActiveCfg = Release|Any CPU
	EndGlobalSection
	GlobalSection(SolutionProperties) = preSolution
		HideSolutionNode = FALSE
	EndGlobalSection
	GlobalSection(ExtensibilityGlobals) = postSolution
		SolutionGuid = {0F08A915-C029-4777-9559-0F0962EE04C2}
	EndGlobalSection
EndGlobal
